
Microsoft Visual Studio Solution File, Format Version 12.00
# Visual Studio Version 17
VisualStudioVersion = 17.7.34024.191
MinimumVisualStudioVersion = 10.0.40219.1
Project("{9A19103F-16F7-4668-BE54-9A1E7A4F7556}") = "BicycleGame", "BicycleGame\BicycleGame.csproj", "{6433C815-3F9F-4D4A-97A6-3A695C1005F6}"
EndProject
Project("{9A19103F-16F7-4668-BE54-9A1E7A4F7556}") = "TilemapPipeline", "ContentPipeline\TilemapPipeline.csproj", "{C684D396-DC99-42A0-BABC-A195B57F521E}"
EndProject
Global
	GlobalSection(SolutionConfigurationPlatforms) = preSolution
		Debug|Any CPU = Debug|Any CPU
		Release|Any CPU = Release|Any CPU
	EndGlobalSection
	GlobalSection(ProjectConfigurationPlatforms) = postSolution
		{6433C815-3F9F-4D4A-97A6-3A695C1005F6}.Debug|Any CPU.ActiveCfg = Debug|Any CPU
		{6433C815-3F9F-4D4A-97A6-3A695C1005F6}.Debug|Any CPU.Build.0 = Debug|Any CPU
		{6433C815-3F9F-4D4A-97A6-3A695C1005F6}.Release|Any CPU.ActiveCfg = Release|Any CPU
		{6433C815-3F9F-4D4A-97A6-3A695C1005F6}.Release|Any CPU.Build.0 = Release|Any CPU
		{C684D396-DC99-42A0-BABC-A195B57F521E}.Debug|Any CPU.ActiveCfg = Debug|Any CPU
		{C684D396-DC99-42A0-BABC-A195B57F521E}.Debug|Any CPU.Build.0 = Debug|Any CPU
		{C684D396-DC99-42A0-BABC-A195B57F521E}.Release|Any CPU.ActiveCfg = Release|Any CPU
		{C684D396-DC99-42A0-BABC-A195B57F521E}.Release|Any CPU.Build.0 = Release|Any CPU
	EndGlobalSection
	GlobalSection(SolutionProperties) = preSolution
		HideSolutionNode = FALSE
	EndGlobalSection
	GlobalSection(ExtensibilityGlobals) = postSolution
		SolutionGuid = {474B1406-6EC6-4128-92D2-258EE4E221D9}
	EndGlobalSection
EndGlobal
